
Microsoft Visual Studio Solution File, Format Version 12.00
# Visual Studio Version 17
VisualStudioVersion = 17.5.33627.172
MinimumVisualStudioVersion = 10.0.40219.1
Project("{9A19103F-16F7-4668-BE54-9A1E7A4F7556}") = "skbnjayapura.Server", "skbnjayapura\Server\skbnjayapura.Server.csproj", "{BA638CD1-93DC-4177-B0DE-91D46ED664BB}"
EndProject
Project("{9A19103F-16F7-4668-BE54-9A1E7A4F7556}") = "skbnjayapura.Client", "skbnjayapura\Client\skbnjayapura.Client.csproj", "{76AD482C-AB88-4688-8B84-7548A907068B}"
EndProject
Project("{9A19103F-16F7-4668-BE54-9A1E7A4F7556}") = "skbnjayapura.Shared", "skbnjayapura\Shared\skbnjayapura.Shared.csproj", "{DC30CF8F-171A-4DC8-B881-AED0F2E60A6A}"
EndProject
Global
	GlobalSection(SolutionConfigurationPlatforms) = preSolution
		Debug|Any CPU = Debug|Any CPU
		Release|Any CPU = Release|Any CPU
	EndGlobalSection
	GlobalSection(ProjectConfigurationPlatforms) = postSolution
		{BA638CD1-93DC-4177-B0DE-91D46ED664BB}.Debug|Any CPU.ActiveCfg = Debug|Any CPU
		{BA638CD1-93DC-4177-B0DE-91D46ED664BB}.Debug|Any CPU.Build.0 = Debug|Any CPU
		{BA638CD1-93DC-4177-B0DE-91D46ED664BB}.Release|Any CPU.ActiveCfg = Release|Any CPU
		{BA638CD1-93DC-4177-B0DE-91D46ED664BB}.Release|Any CPU.Build.0 = Release|Any CPU
		{76AD482C-AB88-4688-8B84-7548A907068B}.Debug|Any CPU.ActiveCfg = Debug|Any CPU
		{76AD482C-AB88-4688-8B84-7548A907068B}.Debug|Any CPU.Build.0 = Debug|Any CPU
		{76AD482C-AB88-4688-8B84-7548A907068B}.Release|Any CPU.ActiveCfg = Release|Any CPU
		{76AD482C-AB88-4688-8B84-7548A907068B}.Release|Any CPU.Build.0 = Release|Any CPU
		{DC30CF8F-171A-4DC8-B881-AED0F2E60A6A}.Debug|Any CPU.ActiveCfg = Debug|Any CPU
		{DC30CF8F-171A-4DC8-B881-AED0F2E60A6A}.Debug|Any CPU.Build.0 = Debug|Any CPU
		{DC30CF8F-171A-4DC8-B881-AED0F2E60A6A}.Release|Any CPU.ActiveCfg = Release|Any CPU
		{DC30CF8F-171A-4DC8-B881-AED0F2E60A6A}.Release|Any CPU.Build.0 = Release|Any CPU
	EndGlobalSection
	GlobalSection(SolutionProperties) = preSolution
		HideSolutionNode = FALSE
	EndGlobalSection
	GlobalSection(ExtensibilityGlobals) = postSolution
		SolutionGuid = {980106B2-3AD7-45AC-BC82-88C255CD3448}
	EndGlobalSection
EndGlobal
